
Microsoft Visual Studio Solution File, Format Version 12.00
# Visual Studio 15
VisualStudioVersion = 15.0.28307.1145
MinimumVisualStudioVersion = 10.0.40219.1
Project("{FAE04EC0-301F-11D3-BF4B-00C04F79EFBC}") = "Alvsyssel Kund Register", "Alvsyssel Kund Register\Alvsyssel Kund Register.csproj", "{1E9FB2D6-2C64-4CF0-8E0B-3358EDE9246B}"
EndProject
Global
	GlobalSection(SolutionConfigurationPlatforms) = preSolution
		Debug|Any CPU = Debug|Any CPU
		Release|Any CPU = Release|Any CPU
	EndGlobalSection
	GlobalSection(ProjectConfigurationPlatforms) = postSolution
		{1E9FB2D6-2C64-4CF0-8E0B-3358EDE9246B}.Debug|Any CPU.ActiveCfg = Debug|Any CPU
		{1E9FB2D6-2C64-4CF0-8E0B-3358EDE9246B}.Debug|Any CPU.Build.0 = Debug|Any CPU
		{1E9FB2D6-2C64-4CF0-8E0B-3358EDE9246B}.Release|Any CPU.ActiveCfg = Release|Any CPU
		{1E9FB2D6-2C64-4CF0-8E0B-3358EDE9246B}.Release|Any CPU.Build.0 = Release|Any CPU
	EndGlobalSection
	GlobalSection(SolutionProperties) = preSolution
		HideSolutionNode = FALSE
	EndGlobalSection
	GlobalSection(ExtensibilityGlobals) = postSolution
		SolutionGuid = {46C82E37-BDE1-40DC-AA52-240AADBB6F74}
	EndGlobalSection
EndGlobal
